
Microsoft Visual Studio Solution File, Format Version 12.00
# Visual Studio Version 18
VisualStudioVersion = 18.4.11612.150 stable
MinimumVisualStudioVersion = 10.0.40219.1
Project("{FAE04EC0-301F-11D3-BF4B-00C04F79EFBC}") = "Schaumamal", "Schaumamal.csproj", "{6E9FB9E2-62AF-7C98-4D92-9B85E519FF36}"
EndProject
Global
	GlobalSection(SolutionConfigurationPlatforms) = preSolution
		Debug|Any CPU = Debug|Any CPU
		Release|Any CPU = Release|Any CPU
	EndGlobalSection
	GlobalSection(ProjectConfigurationPlatforms) = postSolution
		{6E9FB9E2-62AF-7C98-4D92-9B85E519FF36}.Debug|Any CPU.ActiveCfg = Debug|Any CPU
		{6E9FB9E2-62AF-7C98-4D92-9B85E519FF36}.Debug|Any CPU.Build.0 = Debug|Any CPU
		{6E9FB9E2-62AF-7C98-4D92-9B85E519FF36}.Release|Any CPU.ActiveCfg = Release|Any CPU
		{6E9FB9E2-62AF-7C98-4D92-9B85E519FF36}.Release|Any CPU.Build.0 = Release|Any CPU
	EndGlobalSection
	GlobalSection(SolutionProperties) = preSolution
		HideSolutionNode = FALSE
	EndGlobalSection
	GlobalSection(ExtensibilityGlobals) = postSolution
		SolutionGuid = {DBCF67F9-5B81-4CD6-934B-81C20EEC74E6}
	EndGlobalSection
EndGlobal
